
Microsoft Visual Studio Solution File, Format Version 12.00
Project("{FAE04EC0-301F-11D3-BF4B-00C04F79EFBC}") = "Producer", "Producer\Producer.csproj", "{06201000-D7FF-45C4-B9C7-7CEF6B1B004C}"
EndProject
Project("{FAE04EC0-301F-11D3-BF4B-00C04F79EFBC}") = "Utils", "Utils\Utils.csproj", "{2CE33F21-3003-475A-B9D5-33CC655D0174}"
EndProject
Project("{FAE04EC0-301F-11D3-BF4B-00C04F79EFBC}") = "DataContracts", "DataContracts\DataContracts.csproj", "{2919CD29-B9AF-412E-92AC-D17192F4C5E1}"
EndProject
Project("{FAE04EC0-301F-11D3-BF4B-00C04F79EFBC}") = "Consumer", "Consumer\Consumer.csproj", "{35CD35B9-1271-402B-8C5C-50B5744433D2}"
EndProject
Global
	GlobalSection(SolutionConfigurationPlatforms) = preSolution
		Debug|Any CPU = Debug|Any CPU
		Release|Any CPU = Release|Any CPU
	EndGlobalSection
	GlobalSection(ProjectConfigurationPlatforms) = postSolution
		{2CE33F21-3003-475A-B9D5-33CC655D0174}.Debug|Any CPU.ActiveCfg = Debug|Any CPU
		{2CE33F21-3003-475A-B9D5-33CC655D0174}.Debug|Any CPU.Build.0 = Debug|Any CPU
		{2CE33F21-3003-475A-B9D5-33CC655D0174}.Release|Any CPU.ActiveCfg = Release|Any CPU
		{2CE33F21-3003-475A-B9D5-33CC655D0174}.Release|Any CPU.Build.0 = Release|Any CPU
		{2919CD29-B9AF-412E-92AC-D17192F4C5E1}.Debug|Any CPU.ActiveCfg = Debug|Any CPU
		{2919CD29-B9AF-412E-92AC-D17192F4C5E1}.Debug|Any CPU.Build.0 = Debug|Any CPU
		{2919CD29-B9AF-412E-92AC-D17192F4C5E1}.Release|Any CPU.ActiveCfg = Release|Any CPU
		{2919CD29-B9AF-412E-92AC-D17192F4C5E1}.Release|Any CPU.Build.0 = Release|Any CPU
		{35CD35B9-1271-402B-8C5C-50B5744433D2}.Debug|Any CPU.ActiveCfg = Debug|Any CPU
		{35CD35B9-1271-402B-8C5C-50B5744433D2}.Debug|Any CPU.Build.0 = Debug|Any CPU
		{35CD35B9-1271-402B-8C5C-50B5744433D2}.Release|Any CPU.ActiveCfg = Release|Any CPU
		{35CD35B9-1271-402B-8C5C-50B5744433D2}.Release|Any CPU.Build.0 = Release|Any CPU
		{06201000-D7FF-45C4-B9C7-7CEF6B1B004C}.Debug|Any CPU.ActiveCfg = Debug|Any CPU
		{06201000-D7FF-45C4-B9C7-7CEF6B1B004C}.Debug|Any CPU.Build.0 = Debug|Any CPU
	EndGlobalSection
EndGlobal
